
Microsoft Visual Studio Solution File, Format Version 12.00
# Visual Studio Version 16
VisualStudioVersion = 16.0.30011.22
MinimumVisualStudioVersion = 10.0.40219.1
Project("{FAE04EC0-301F-11D3-BF4B-00C04F79EFBC}") = "Modelo", "Modelo\Modelo.csproj", "{320AF2BF-9008-4C0B-B355-E41478159D01}"
EndProject
Project("{FAE04EC0-301F-11D3-BF4B-00C04F79EFBC}") = "Servicio", "Servicio\Servicio.csproj", "{26F9B9E1-0FD7-4523-8076-D97B6C52D059}"
EndProject
Project("{FAE04EC0-301F-11D3-BF4B-00C04F79EFBC}") = "Controlador", "Controlador\Controlador.csproj", "{2195C7DC-2132-4A95-AC8F-EFD72A6C2F92}"
EndProject
Global
	GlobalSection(SolutionConfigurationPlatforms) = preSolution
		Debug|Any CPU = Debug|Any CPU
		Release|Any CPU = Release|Any CPU
	EndGlobalSection
	GlobalSection(ProjectConfigurationPlatforms) = postSolution
		{320AF2BF-9008-4C0B-B355-E41478159D01}.Debug|Any CPU.ActiveCfg = Debug|Any CPU
		{320AF2BF-9008-4C0B-B355-E41478159D01}.Debug|Any CPU.Build.0 = Debug|Any CPU
		{320AF2BF-9008-4C0B-B355-E41478159D01}.Release|Any CPU.ActiveCfg = Release|Any CPU
		{320AF2BF-9008-4C0B-B355-E41478159D01}.Release|Any CPU.Build.0 = Release|Any CPU
		{26F9B9E1-0FD7-4523-8076-D97B6C52D059}.Debug|Any CPU.ActiveCfg = Debug|Any CPU
		{26F9B9E1-0FD7-4523-8076-D97B6C52D059}.Debug|Any CPU.Build.0 = Debug|Any CPU
		{26F9B9E1-0FD7-4523-8076-D97B6C52D059}.Release|Any CPU.ActiveCfg = Release|Any CPU
		{26F9B9E1-0FD7-4523-8076-D97B6C52D059}.Release|Any CPU.Build.0 = Release|Any CPU
		{2195C7DC-2132-4A95-AC8F-EFD72A6C2F92}.Debug|Any CPU.ActiveCfg = Debug|Any CPU
		{2195C7DC-2132-4A95-AC8F-EFD72A6C2F92}.Debug|Any CPU.Build.0 = Debug|Any CPU
		{2195C7DC-2132-4A95-AC8F-EFD72A6C2F92}.Release|Any CPU.ActiveCfg = Release|Any CPU
		{2195C7DC-2132-4A95-AC8F-EFD72A6C2F92}.Release|Any CPU.Build.0 = Release|Any CPU
	EndGlobalSection
	GlobalSection(SolutionProperties) = preSolution
		HideSolutionNode = FALSE
	EndGlobalSection
	GlobalSection(ExtensibilityGlobals) = postSolution
		SolutionGuid = {B6DBE84C-CB8F-48C1-903D-4DA9158386D2}
	EndGlobalSection
EndGlobal
